
Microsoft Visual Studio Solution File, Format Version 12.00
# Visual Studio 14
VisualStudioVersion = 14.0.23107.0
MinimumVisualStudioVersion = 10.0.40219.1
Project("{2150E333-8FDC-42A3-9474-1A3956D46DE8}") = "Solution Items", "Solution Items", "{D455FFC7-B1E9-45E3-BC3A-5A9EA8FAEF7B}"
	ProjectSection(SolutionItems) = preProject
		README.md = README.md
	EndProjectSection
EndProject
Project("{FAE04EC0-301F-11D3-BF4B-00C04F79EFBC}") = "MoreCollections", "Source\MoreCollections.csproj", "{BCF21E9F-82BC-433B-9BBB-70CC6999615F}"
EndProject
Project("{FAE04EC0-301F-11D3-BF4B-00C04F79EFBC}") = "MoreCollections.Test", "Test\MoreCollections.Test.csproj", "{5D1B45F2-D0CB-4E91-9799-E72ECEF094DF}"
EndProject
Project("{2150E333-8FDC-42A3-9474-1A3956D46DE8}") = "NuSpecs", "NuSpecs", "{D83BEAFF-4FAC-4C1B-A744-E9C43F2C8522}"
	ProjectSection(SolutionItems) = preProject
		NuSpces\CircularList.nuspec = NuSpces\CircularList.nuspec
		NuSpces\History.nuspec = NuSpces\History.nuspec
		NuSpces\IndexedCollection.nuspec = NuSpces\IndexedCollection.nuspec
		NuSpces\LazyMemoryCache.nuspec = NuSpces\LazyMemoryCache.nuspec
		NuSpces\Map.nuspec = NuSpces\Map.nuspec
		NuSpces\PinnedArray.nuspec = NuSpces\PinnedArray.nuspec
		NuSpces\readmeCircularList.txt = NuSpces\readmeCircularList.txt
		NuSpces\readmeHistory.txt = NuSpces\readmeHistory.txt
		NuSpces\readmeIndexedCollection.txt = NuSpces\readmeIndexedCollection.txt
		NuSpces\readmeLazyMemoryCache.txt = NuSpces\readmeLazyMemoryCache.txt
		NuSpces\readmeMap.txt = NuSpces\readmeMap.txt
		NuSpces\readmePinnedArray.txt = NuSpces\readmePinnedArray.txt
	EndProjectSection
EndProject
Global
	GlobalSection(SolutionConfigurationPlatforms) = preSolution
		Debug|Any CPU = Debug|Any CPU
		Release|Any CPU = Release|Any CPU
	EndGlobalSection
	GlobalSection(ProjectConfigurationPlatforms) = postSolution
		{BCF21E9F-82BC-433B-9BBB-70CC6999615F}.Debug|Any CPU.ActiveCfg = Debug|Any CPU
		{BCF21E9F-82BC-433B-9BBB-70CC6999615F}.Debug|Any CPU.Build.0 = Debug|Any CPU
		{BCF21E9F-82BC-433B-9BBB-70CC6999615F}.Release|Any CPU.ActiveCfg = Release|Any CPU
		{BCF21E9F-82BC-433B-9BBB-70CC6999615F}.Release|Any CPU.Build.0 = Release|Any CPU
		{5D1B45F2-D0CB-4E91-9799-E72ECEF094DF}.Debug|Any CPU.ActiveCfg = Debug|Any CPU
		{5D1B45F2-D0CB-4E91-9799-E72ECEF094DF}.Debug|Any CPU.Build.0 = Debug|Any CPU
		{5D1B45F2-D0CB-4E91-9799-E72ECEF094DF}.Release|Any CPU.ActiveCfg = Release|Any CPU
		{5D1B45F2-D0CB-4E91-9799-E72ECEF094DF}.Release|Any CPU.Build.0 = Release|Any CPU
	EndGlobalSection
	GlobalSection(SolutionProperties) = preSolution
		HideSolutionNode = FALSE
	EndGlobalSection
	GlobalSection(NestedProjects) = preSolution
		{D83BEAFF-4FAC-4C1B-A744-E9C43F2C8522} = {D455FFC7-B1E9-45E3-BC3A-5A9EA8FAEF7B}
	EndGlobalSection
EndGlobal
